
Microsoft Visual Studio Solution File, Format Version 12.00
# Visual Studio Version 17
VisualStudioVersion = 17.8.34330.188
MinimumVisualStudioVersion = 10.0.40219.1
Project("{FAE04EC0-301F-11D3-BF4B-00C04F79EFBC}") = "LoopTask", "LoopTask\LoopTask.csproj", "{CCF91171-A7FC-46A0-B5D3-440BB74E729D}"
EndProject
Global
	GlobalSection(SolutionConfigurationPlatforms) = preSolution
		Debug|Any CPU = Debug|Any CPU
		Release|Any CPU = Release|Any CPU
	EndGlobalSection
	GlobalSection(ProjectConfigurationPlatforms) = postSolution
		{CCF91171-A7FC-46A0-B5D3-440BB74E729D}.Debug|Any CPU.ActiveCfg = Debug|Any CPU
		{CCF91171-A7FC-46A0-B5D3-440BB74E729D}.Debug|Any CPU.Build.0 = Debug|Any CPU
		{CCF91171-A7FC-46A0-B5D3-440BB74E729D}.Release|Any CPU.ActiveCfg = Release|Any CPU
		{CCF91171-A7FC-46A0-B5D3-440BB74E729D}.Release|Any CPU.Build.0 = Release|Any CPU
	EndGlobalSection
	GlobalSection(SolutionProperties) = preSolution
		HideSolutionNode = FALSE
	EndGlobalSection
	GlobalSection(ExtensibilityGlobals) = postSolution
		SolutionGuid = {7E65981E-C7BD-470D-A2E4-A0479F6C714A}
	EndGlobalSection
EndGlobal
